// !$*UTF8*$!
{
	archiveVersion = 1;
	classes = {
	};
	objectVersion = 55;
	objects = {

/* Begin PBXBuildFile section */
		A98373F72BD15A0700927060 /* RegistroViewApp.swift in Sources */ = {isa = PBXBuildFile; fileRef = A98373F62BD15A0700927060 /* RegistroViewApp.swift */; };
		A98373F92BD15A0700927060 /* ContentView.swift in Sources */ = {isa = PBXBuildFile; fileRef = A98373F82BD15A0700927060 /* ContentView.swift */; };
		A98373FB2BD15A0B00927060 /* Assets.xcassets in Resources */ = {isa = PBXBuildFile; fileRef = A98373FA2BD15A0B00927060 /* Assets.xcassets */; };
		A98373FE2BD15A0B00927060 /* Preview Assets.xcassets in Resources */ = {isa = PBXBuildFile; fileRef = A98373FD2BD15A0B00927060 /* Preview Assets.xcassets */; };
		A98374082BD15A0B00927060 /* RegistroViewTests.swift in Sources */ = {isa = PBXBuildFile; fileRef = A98374072BD15A0B00927060 /* RegistroViewTests.swift */; };
		A98374122BD15A0C00927060 /* RegistroViewUITests.swift in Sources */ = {isa = PBXBuildFile; fileRef = A98374112BD15A0C00927060 /* RegistroViewUITests.swift */; };
		A98374142BD15A0C00927060 /* RegistroViewUITestsLaunchTests.swift in Sources */ = {isa = PBXBuildFile; fileRef = A98374132BD15A0C00927060 /* RegistroViewUITestsLaunchTests.swift */; };
		A98374212BD15A6400927060 /* ViewModel_RegistroView.swift in Sources */ = {isa = PBXBuildFile; fileRef = A98374202BD15A6400927060 /* ViewModel_RegistroView.swift */; };
		A98374232BD15B5C00927060 /* RegistroVista.swift in Sources */ = {isa = PBXBuildFile; fileRef = A98374222BD15B5C00927060 /* RegistroVista.swift */; };
		A98374252BD15C0500927060 /* Model.swift in Sources */ = {isa = PBXBuildFile; fileRef = A98374242BD15C0500927060 /* Model.swift */; };
/* End PBXBuildFile section */

/* Begin PBXContainerItemProxy section */
		A98374042BD15A0B00927060 /* PBXContainerItemProxy */ = {
			isa = PBXContainerItemProxy;
			containerPortal = A98373EB2BD15A0700927060 /* Project object */;
			proxyType = 1;
			remoteGlobalIDString = A98373F22BD15A0700927060;
			remoteInfo = RegistroView;
		};
		A983740E2BD15A0C00927060 /* PBXContainerItemProxy */ = {
			isa = PBXContainerItemProxy;
			containerPortal = A98373EB2BD15A0700927060 /* Project object */;
			proxyType = 1;
			remoteGlobalIDString = A98373F22BD15A0700927060;
			remoteInfo = RegistroView;
		};
/* End PBXContainerItemProxy section */

/* Begin PBXFileReference section */
		A98373F32BD15A0700927060 /* RegistroView.app */ = {isa = PBXFileReference; explicitFileType = wrapper.application; includeInIndex = 0; path = RegistroView.app; sourceTree = BUILT_PRODUCTS_DIR; };
		A98373F62BD15A0700927060 /* RegistroViewApp.swift */ = {isa = PBXFileReference; lastKnownFileType = sourcecode.swift; path = RegistroViewApp.swift; sourceTree = "<group>"; };
		A98373F82BD15A0700927060 /* ContentView.swift */ = {isa = PBXFileReference; lastKnownFileType = sourcecode.swift; path = ContentView.swift; sourceTree = "<group>"; };
		A98373FA2BD15A0B00927060 /* Assets.xcassets */ = {isa = PBXFileReference; lastKnownFileType = folder.assetcatalog; path = Assets.xcassets; sourceTree = "<group>"; };
		A98373FD2BD15A0B00927060 /* Preview Assets.xcassets */ = {isa = PBXFileReference; lastKnownFileType = folder.assetcatalog; path = "Preview Assets.xcassets"; sourceTree = "<group>"; };
		A98374032BD15A0B00927060 /* RegistroViewTests.xctest */ = {isa = PBXFileReference; explicitFileType = wrapper.cfbundle; includeInIndex = 0; path = RegistroViewTests.xctest; sourceTree = BUILT_PRODUCTS_DIR; };
		A98374072BD15A0B00927060 /* RegistroViewTests.swift */ = {isa = PBXFileReference; lastKnownFileType = sourcecode.swift; path = RegistroViewTests.swift; sourceTree = "<group>"; };
		A983740D2BD15A0C00927060 /* RegistroViewUITests.xctest */ = {isa = PBXFileReference; explicitFileType = wrapper.cfbundle; includeInIndex = 0; path = RegistroViewUITests.xctest; sourceTree = BUILT_PRODUCTS_DIR; };
		A98374112BD15A0C00927060 /* RegistroViewUITests.swift */ = {isa = PBXFileReference; lastKnownFileType = sourcecode.swift; path = RegistroViewUITests.swift; sourceTree = "<group>"; };
		A98374132BD15A0C00927060 /* RegistroViewUITestsLaunchTests.swift */ = {isa = PBXFileReference; lastKnownFileType = sourcecode.swift; path = RegistroViewUITestsLaunchTests.swift; sourceTree = "<group>"; };
		A98374202BD15A6400927060 /* ViewModel_RegistroView.swift */ = {isa = PBXFileReference; lastKnownFileType = sourcecode.swift; path = ViewModel_RegistroView.swift; sourceTree = "<group>"; };
		A98374222BD15B5C00927060 /* RegistroVista.swift */ = {isa = PBXFileReference; lastKnownFileType = sourcecode.swift; path = RegistroVista.swift; sourceTree = "<group>"; };
		A98374242BD15C0500927060 /* Model.swift */ = {isa = PBXFileReference; lastKnownFileType = sourcecode.swift; path = Model.swift; sourceTree = "<group>"; };
/* End PBXFileReference section */

/* Begin PBXFrameworksBuildPhase section */
		A98373F02BD15A0700927060 /* Frameworks */ = {
			isa = PBXFrameworksBuildPhase;
			buildActionMask = 2147483647;
			files = (
			);
			runOnlyForDeploymentPostprocessing = 0;
		};
		A98374002BD15A0B00927060 /* Frameworks */ = {
			isa = PBXFrameworksBuildPhase;
			buildActionMask = 2147483647;
			files = (
			);
			runOnlyForDeploymentPostprocessing = 0;
		};
		A983740A2BD15A0C00927060 /* Frameworks */ = {
			isa = PBXFrameworksBuildPhase;
			buildActionMask = 2147483647;
			files = (
			);
			runOnlyForDeploymentPostprocessing = 0;
		};
/* End PBXFrameworksBuildPhase section */

/* Begin PBXGroup section */
		A98373EA2BD15A0700927060 = {
			isa = PBXGroup;
			children = (
				A98374242BD15C0500927060 /* Model.swift */,
				A98374222BD15B5C00927060 /* RegistroVista.swift */,
				A98373F52BD15A0700927060 /* RegistroView */,
				A98374062BD15A0B00927060 /* RegistroViewTests */,
				A98374102BD15A0C00927060 /* RegistroViewUITests */,
				A98373F42BD15A0700927060 /* Products */,
			);
			sourceTree = "<group>";
		};
		A98373F42BD15A0700927060 /* Products */ = {
			isa = PBXGroup;
			children = (
				A98373F32BD15A0700927060 /* RegistroView.app */,
				A98374032BD15A0B00927060 /* RegistroViewTests.xctest */,
				A983740D2BD15A0C00927060 /* RegistroViewUITests.xctest */,
			);
			name = Products;
			sourceTree = "<group>";
		};
		A98373F52BD15A0700927060 /* RegistroView */ = {
			isa = PBXGroup;
			children = (
				A98373F62BD15A0700927060 /* RegistroViewApp.swift */,
				A98373F82BD15A0700927060 /* ContentView.swift */,
				A98373FA2BD15A0B00927060 /* Assets.xcassets */,
				A98373FC2BD15A0B00927060 /* Preview Content */,
				A98374202BD15A6400927060 /* ViewModel_RegistroView.swift */,
			);
			path = RegistroView;
			sourceTree = "<group>";
		};
		A98373FC2BD15A0B00927060 /* Preview Content */ = {
			isa = PBXGroup;
			children = (
				A98373FD2BD15A0B00927060 /* Preview Assets.xcassets */,
			);
			path = "Preview Content";
			sourceTree = "<group>";
		};
		A98374062BD15A0B00927060 /* RegistroViewTests */ = {
			isa = PBXGroup;
			children = (
				A98374072BD15A0B00927060 /* RegistroViewTests.swift */,
			);
			path = RegistroViewTests;
			sourceTree = "<group>";
		};
		A98374102BD15A0C00927060 /* RegistroViewUITests */ = {
			isa = PBXGroup;
			children = (
				A98374112BD15A0C00927060 /* RegistroViewUITests.swift */,
				A98374132BD15A0C00927060 /* RegistroViewUITestsLaunchTests.swift */,
			);
			path = RegistroViewUITests;
			sourceTree = "<group>";
		};
/* End PBXGroup section */

/* Begin PBXNativeTarget section */
		A98373F22BD15A0700927060 /* RegistroView */ = {
			isa = PBXNativeTarget;
			buildConfigurationList = A98374172BD15A0C00927060 /* Build configuration list for PBXNativeTarget "RegistroView" */;
			buildPhases = (
				A98373EF2BD15A0700927060 /* Sources */,
				A98373F02BD15A0700927060 /* Frameworks */,
				A98373F12BD15A0700927060 /* Resources */,
			);
			buildRules = (
			);
			dependencies = (
			);
			name = RegistroView;
			productName = RegistroView;
			productReference = A98373F32BD15A0700927060 /* RegistroView.app */;
			productType = "com.apple.product-type.application";
		};
		A98374022BD15A0B00927060 /* RegistroViewTests */ = {
			isa = PBXNativeTarget;
			buildConfigurationList = A983741A2BD15A0C00927060 /* Build configuration list for PBXNativeTarget "RegistroViewTests" */;
			buildPhases = (
				A98373FF2BD15A0B00927060 /* Sources */,
				A98374002BD15A0B00927060 /* Frameworks */,
				A98374012BD15A0B00927060 /* Resources */,
			);
			buildRules = (
			);
			dependencies = (
				A98374052BD15A0B00927060 /* PBXTargetDependency */,
			);
			name = RegistroViewTests;
			productName = RegistroViewTests;
			productReference = A98374032BD15A0B00927060 /* RegistroViewTests.xctest */;
			productType = "com.apple.product-type.bundle.unit-test";
		};
		A983740C2BD15A0C00927060 /* RegistroViewUITests */ = {
			isa = PBXNativeTarget;
			buildConfigurationList = A983741D2BD15A0C00927060 /* Build configuration list for PBXNativeTarget "RegistroViewUITests" */;
			buildPhases = (
				A98374092BD15A0C00927060 /* Sources */,
				A983740A2BD15A0C00927060 /* Frameworks */,
				A983740B2BD15A0C00927060 /* Resources */,
			);
			buildRules = (
			);
			dependencies = (
				A983740F2BD15A0C00927060 /* PBXTargetDependency */,
			);
			name = RegistroViewUITests;
			productName = RegistroViewUITests;
			productReference = A983740D2BD15A0C00927060 /* RegistroViewUITests.xctest */;
			productType = "com.apple.product-type.bundle.ui-testing";
		};
/* End PBXNativeTarget section */

/* Begin PBXProject section */
		A98373EB2BD15A0700927060 /* Project object */ = {
			isa = PBXProject;
			attributes = {
				BuildIndependentTargetsInParallel = 1;
				LastSwiftUpdateCheck = 1340;
				LastUpgradeCheck = 1340;
				TargetAttributes = {
					A98373F22BD15A0700927060 = {
						CreatedOnToolsVersion = 13.4;
					};
					A98374022BD15A0B00927060 = {
						CreatedOnToolsVersion = 13.4;
						TestTargetID = A98373F22BD15A0700927060;
					};
					A983740C2BD15A0C00927060 = {
						CreatedOnToolsVersion = 13.4;
						TestTargetID = A98373F22BD15A0700927060;
					};
				};
			};
			buildConfigurationList = A98373EE2BD15A0700927060 /* Build configuration list for PBXProject "RegistroView" */;
			compatibilityVersion = "Xcode 13.0";
			developmentRegion = en;
			hasScannedForEncodings = 0;
			knownRegions = (
				en,
				Base,
			);
			mainGroup = A98373EA2BD15A0700927060;
			productRefGroup = A98373F42BD15A0700927060 /* Products */;
			projectDirPath = "";
			projectRoot = "";
			targets = (
				A98373F22BD15A0700927060 /* RegistroView */,
				A98374022BD15A0B00927060 /* RegistroViewTests */,
				A983740C2BD15A0C00927060 /* RegistroViewUITests */,
			);
		};
/* End PBXProject section */

/* Begin PBXResourcesBuildPhase section */
		A98373F12BD15A0700927060 /* Resources */ = {
			isa = PBXResourcesBuildPhase;
			buildActionMask = 2147483647;
			files = (
				A98373FE2BD15A0B00927060 /* Preview Assets.xcassets in Resources */,
				A98373FB2BD15A0B00927060 /* Assets.xcassets in Resources */,
			);
			runOnlyForDeploymentPostprocessing = 0;
		};
		A98374012BD15A0B00927060 /* Resources */ = {
			isa = PBXResourcesBuildPhase;
			buildActionMask = 2147483647;
			files = (
			);
			runOnlyForDeploymentPostprocessing = 0;
		};
		A983740B2BD15A0C00927060 /* Resources */ = {
			isa = PBXResourcesBuildPhase;
			buildActionMask = 2147483647;
			files = (
			);
			runOnlyForDeploymentPostprocessing = 0;
		};
/* End PBXResourcesBuildPhase section */

/* Begin PBXSourcesBuildPhase section */
		A98373EF2BD15A0700927060 /* Sources */ = {
			isa = PBXSourcesBuildPhase;
			buildActionMask = 2147483647;
			files = (
				A98374252BD15C0500927060 /* Model.swift in Sources */,
				A98374232BD15B5C00927060 /* RegistroVista.swift in Sources */,
				A98374212BD15A6400927060 /* ViewModel_RegistroView.swift in Sources */,
				A98373F92BD15A0700927060 /* ContentView.swift in Sources */,
				A98373F72BD15A0700927060 /* RegistroViewApp.swift in Sources */,
			);
			runOnlyForDeploymentPostprocessing = 0;
		};
		A98373FF2BD15A0B00927060 /* Sources */ = {
			isa = PBXSourcesBuildPhase;
			buildActionMask = 2147483647;
			files = (
				A98374082BD15A0B00927060 /* RegistroViewTests.swift in Sources */,
			);
			runOnlyForDeploymentPostprocessing = 0;
		};
		A98374092BD15A0C00927060 /* Sources */ = {
			isa = PBXSourcesBuildPhase;
			buildActionMask = 2147483647;
			files = (
				A98374142BD15A0C00927060 /* RegistroViewUITestsLaunchTests.swift in Sources */,
				A98374122BD15A0C00927060 /* RegistroViewUITests.swift in Sources */,
			);
			runOnlyForDeploymentPostprocessing = 0;
		};
/* End PBXSourcesBuildPhase section */

/* Begin PBXTargetDependency section */
		A98374052BD15A0B00927060 /* PBXTargetDependency */ = {
			isa = PBXTargetDependency;
			target = A98373F22BD15A0700927060 /* RegistroView */;
			targetProxy = A98374042BD15A0B00927060 /* PBXContainerItemProxy */;
		};
		A983740F2BD15A0C00927060 /* PBXTargetDependency */ = {
			isa = PBXTargetDependency;
			target = A98373F22BD15A0700927060 /* RegistroView */;
			targetProxy = A983740E2BD15A0C00927060 /* PBXContainerItemProxy */;
		};
/* End PBXTargetDependency section */

/* Begin XCBuildConfiguration section */
		A98374152BD15A0C00927060 /* Debug */ = {
			isa = XCBuildConfiguration;
			buildSettings = {
				ALWAYS_SEARCH_USER_PATHS = NO;
				CLANG_ANALYZER_NONNULL = YES;
				CLANG_ANALYZER_NUMBER_OBJECT_CONVERSION = YES_AGGRESSIVE;
				CLANG_CXX_LANGUAGE_STANDARD = "gnu++17";
				CLANG_ENABLE_MODULES = YES;
				CLANG_ENABLE_OBJC_ARC = YES;
				CLANG_ENABLE_OBJC_WEAK = YES;
				CLANG_WARN_BLOCK_CAPTURE_AUTORELEASING = YES;
				CLANG_WARN_BOOL_CONVERSION = YES;
				CLANG_WARN_COMMA = YES;
				CLANG_WARN_CONSTANT_CONVERSION = YES;
				CLANG_WARN_DEPRECATED_OBJC_IMPLEMENTATIONS = YES;
				CLANG_WARN_DIRECT_OBJC_ISA_USAGE = YES_ERROR;
				CLANG_WARN_DOCUMENTATION_COMMENTS = YES;
				CLANG_WARN_EMPTY_BODY = YES;
				CLANG_WARN_ENUM_CONVERSION = YES;
				CLANG_WARN_INFINITE_RECURSION = YES;
				CLANG_WARN_INT_CONVERSION = YES;
				CLANG_WARN_NON_LITERAL_NULL_CONVERSION = YES;
				CLANG_WARN_OBJC_IMPLICIT_RETAIN_SELF = YES;
				CLANG_WARN_OBJC_LITERAL_CONVERSION = YES;
				CLANG_WARN_OBJC_ROOT_CLASS = YES_ERROR;
				CLANG_WARN_QUOTED_INCLUDE_IN_FRAMEWORK_HEADER = YES;
				CLANG_WARN_RANGE_LOOP_ANALYSIS = YES;
				CLANG_WARN_STRICT_PROTOTYPES = YES;
				CLANG_WARN_SUSPICIOUS_MOVE = YES;
				CLANG_WARN_UNGUARDED_AVAILABILITY = YES_AGGRESSIVE;
				CLANG_WARN_UNREACHABLE_CODE = YES;
				CLANG_WARN__DUPLICATE_METHOD_MATCH = YES;
				COPY_PHASE_STRIP = NO;
				DEBUG_INFORMATION_FORMAT = dwarf;
				ENABLE_STRICT_OBJC_MSGSEND = YES;
				ENABLE_TESTABILITY = YES;
				GCC_C_LANGUAGE_STANDARD = gnu11;
				GCC_DYNAMIC_NO_PIC = NO;
				GCC_NO_COMMON_BLOCKS = YES;
				GCC_OPTIMIZATION_LEVEL = 0;
				GCC_PREPROCESSOR_DEFINITIONS = (
					"DEBUG=1",
					"$(inherited)",
				);
				GCC_WARN_64_TO_32_BIT_CONVERSION = YES;
				GCC_WARN_ABOUT_RETURN_TYPE = YES_ERROR;
				GCC_WARN_UNDECLARED_SELECTOR = YES;
				GCC_WARN_UNINITIALIZED_AUTOS = YES_AGGRESSIVE;
				GCC_WARN_UNUSED_FUNCTION = YES;
				GCC_WARN_UNUSED_VARIABLE = YES;
				IPHONEOS_DEPLOYMENT_TARGET = 15.5;
				MTL_ENABLE_DEBUG_INFO = INCLUDE_SOURCE;
				MTL_FAST_MATH = YES;
				ONLY_ACTIVE_ARCH = YES;
				SDKROOT = iphoneos;
				SWIFT_ACTIVE_COMPILATION_CONDITIONS = DEBUG;
				SWIFT_OPTIMIZATION_LEVEL = "-Onone";
			};
			name = Debug;
		};
		A98374162BD15A0C00927060 /* Release */ = {
			isa = XCBuildConfiguration;
			buildSettings = {
				ALWAYS_SEARCH_USER_PATHS = NO;
				CLANG_ANALYZER_NONNULL = YES;
				CLANG_ANALYZER_NUMBER_OBJECT_CONVERSION = YES_AGGRESSIVE;
				CLANG_CXX_LANGUAGE_STANDARD = "gnu++17";
				CLANG_ENABLE_MODULES = YES;
				CLANG_ENABLE_OBJC_ARC = YES;
				CLANG_ENABLE_OBJC_WEAK = YES;
				CLANG_WARN_BLOCK_CAPTURE_AUTORELEASING = YES;
				CLANG_WARN_BOOL_CONVERSION = YES;
				CLANG_WARN_COMMA = YES;
				CLANG_WARN_CONSTANT_CONVERSION = YES;
				CLANG_WARN_DEPRECATED_OBJC_IMPLEMENTATIONS = YES;
				CLANG_WARN_DIRECT_OBJC_ISA_USAGE = YES_ERROR;
				CLANG_WARN_DOCUMENTATION_COMMENTS = YES;
				CLANG_WARN_EMPTY_BODY = YES;
				CLANG_WARN_ENUM_CONVERSION = YES;
				CLANG_WARN_INFINITE_RECURSION = YES;
				CLANG_WARN_INT_CONVERSION = YES;
				CLANG_WARN_NON_LITERAL_NULL_CONVERSION = YES;
				CLANG_WARN_OBJC_IMPLICIT_RETAIN_SELF = YES;
				CLANG_WARN_OBJC_LITERAL_CONVERSION = YES;
				CLANG_WARN_OBJC_ROOT_CLASS = YES_ERROR;
				CLANG_WARN_QUOTED_INCLUDE_IN_FRAMEWORK_HEADER = YES;
				CLANG_WARN_RANGE_LOOP_ANALYSIS = YES;
				CLANG_WARN_STRICT_PROTOTYPES = YES;
				CLANG_WARN_SUSPICIOUS_MOVE = YES;
				CLANG_WARN_UNGUARDED_AVAILABILITY = YES_AGGRESSIVE;
				CLANG_WARN_UNREACHABLE_CODE = YES;
				CLANG_WARN__DUPLICATE_METHOD_MATCH = YES;
				COPY_PHASE_STRIP = NO;
				DEBUG_INFORMATION_FORMAT = "dwarf-with-dsym";
				ENABLE_NS_ASSERTIONS = NO;
				ENABLE_STRICT_OBJC_MSGSEND = YES;
				GCC_C_LANGUAGE_STANDARD = gnu11;
				GCC_NO_COMMON_BLOCKS = YES;
				GCC_WARN_64_TO_32_BIT_CONVERSION = YES;
				GCC_WARN_ABOUT_RETURN_TYPE = YES_ERROR;
				GCC_WARN_UNDECLARED_SELECTOR = YES;
				GCC_WARN_UNINITIALIZED_AUTOS = YES_AGGRESSIVE;
				GCC_WARN_UNUSED_FUNCTION = YES;
				GCC_WARN_UNUSED_VARIABLE = YES;
				IPHONEOS_DEPLOYMENT_TARGET = 15.5;
				MTL_ENABLE_DEBUG_INFO = NO;
				MTL_FAST_MATH = YES;
				SDKROOT = iphoneos;
				SWIFT_COMPILATION_MODE = wholemodule;
				SWIFT_OPTIMIZATION_LEVEL = "-O";
				VALIDATE_PRODUCT = YES;
			};
			name = Release;
		};
		A98374182BD15A0C00927060 /* Debug */ = {
			isa = XCBuildConfiguration;
			buildSettings = {
				ASSETCATALOG_COMPILER_APPICON_NAME = AppIcon;
				ASSETCATALOG_COMPILER_GLOBAL_ACCENT_COLOR_NAME = AccentColor;
				CODE_SIGN_STYLE = Automatic;
				CURRENT_PROJECT_VERSION = 1;
				DEVELOPMENT_ASSET_PATHS = "\"RegistroView/Preview Content\"";
				DEVELOPMENT_TEAM = 8YMN7MCSQM;
				ENABLE_PREVIEWS = YES;
				GENERATE_INFOPLIST_FILE = YES;
				INFOPLIST_KEY_UIApplicationSceneManifest_Generation = YES;
				INFOPLIST_KEY_UIApplicationSupportsIndirectInputEvents = YES;
				INFOPLIST_KEY_UILaunchScreen_Generation = YES;
				INFOPLIST_KEY_UISupportedInterfaceOrientations_iPad = "UIInterfaceOrientationPortrait UIInterfaceOrientationPortraitUpsideDown UIInterfaceOrientationLandscapeLeft UIInterfaceOrientationLandscapeRight";
				INFOPLIST_KEY_UISupportedInterfaceOrientations_iPhone = "UIInterfaceOrientationPortrait UIInterfaceOrientationLandscapeLeft UIInterfaceOrientationLandscapeRight";
				LD_RUNPATH_SEARCH_PATHS = (
					"$(inherited)",
					"@executable_path/Frameworks",
				);
				MARKETING_VERSION = 1.0;
				PRODUCT_BUNDLE_IDENTIFIER = Marco.RegistroView;
				PRODUCT_NAME = "$(TARGET_NAME)";
				SWIFT_EMIT_LOC_STRINGS = YES;
				SWIFT_VERSION = 5.0;
				TARGETED_DEVICE_FAMILY = "1,2";
			};
			name = Debug;
		};
		A98374192BD15A0C00927060 /* Release */ = {
			isa = XCBuildConfiguration;
			buildSettings = {
				ASSETCATALOG_COMPILER_APPICON_NAME = AppIcon;
				ASSETCATALOG_COMPILER_GLOBAL_ACCENT_COLOR_NAME = AccentColor;
				CODE_SIGN_STYLE = Automatic;
				CURRENT_PROJECT_VERSION = 1;
				DEVELOPMENT_ASSET_PATHS = "\"RegistroView/Preview Content\"";
				DEVELOPMENT_TEAM = 8YMN7MCSQM;
				ENABLE_PREVIEWS = YES;
				GENERATE_INFOPLIST_FILE = YES;
				INFOPLIST_KEY_UIApplicationSceneManifest_Generation = YES;
				INFOPLIST_KEY_UIApplicationSupportsIndirectInputEvents = YES;
				INFOPLIST_KEY_UILaunchScreen_Generation = YES;
				INFOPLIST_KEY_UISupportedInterfaceOrientations_iPad = "UIInterfaceOrientationPortrait UIInterfaceOrientationPortraitUpsideDown UIInterfaceOrientationLandscapeLeft UIInterfaceOrientationLandscapeRight";
				INFOPLIST_KEY_UISupportedInterfaceOrientations_iPhone = "UIInterfaceOrientationPortrait UIInterfaceOrientationLandscapeLeft UIInterfaceOrientationLandscapeRight";
				LD_RUNPATH_SEARCH_PATHS = (
					"$(inherited)",
					"@executable_path/Frameworks",
				);
				MARKETING_VERSION = 1.0;
				PRODUCT_BUNDLE_IDENTIFIER = Marco.RegistroView;
				PRODUCT_NAME = "$(TARGET_NAME)";
				SWIFT_EMIT_LOC_STRINGS = YES;
				SWIFT_VERSION = 5.0;
				TARGETED_DEVICE_FAMILY = "1,2";
			};
			name = Release;
		};
		A983741B2BD15A0C00927060 /* Debug */ = {
			isa = XCBuildConfiguration;
			buildSettings = {
				ALWAYS_EMBED_SWIFT_STANDARD_LIBRARIES = YES;
				BUNDLE_LOADER = "$(TEST_HOST)";
				CODE_SIGN_STYLE = Automatic;
				CURRENT_PROJECT_VERSION = 1;
				DEVELOPMENT_TEAM = 8YMN7MCSQM;
				GENERATE_INFOPLIST_FILE = YES;
				IPHONEOS_DEPLOYMENT_TARGET = 15.5;
				MARKETING_VERSION = 1.0;
				PRODUCT_BUNDLE_IDENTIFIER = Marco.RegistroViewTests;
				PRODUCT_NAME = "$(TARGET_NAME)";
				SWIFT_EMIT_LOC_STRINGS = NO;
				SWIFT_VERSION = 5.0;
				TARGETED_DEVICE_FAMILY = "1,2";
				TEST_HOST = "$(BUILT_PRODUCTS_DIR)/RegistroView.app/RegistroView";
			};
			name = Debug;
		};
		A983741C2BD15A0C00927060 /* Release */ = {
			isa = XCBuildConfiguration;
			buildSettings = {
				ALWAYS_EMBED_SWIFT_STANDARD_LIBRARIES = YES;
				BUNDLE_LOADER = "$(TEST_HOST)";
				CODE_SIGN_STYLE = Automatic;
				CURRENT_PROJECT_VERSION = 1;
				DEVELOPMENT_TEAM = 8YMN7MCSQM;
				GENERATE_INFOPLIST_FILE = YES;
				IPHONEOS_DEPLOYMENT_TARGET = 15.5;
				MARKETING_VERSION = 1.0;
				PRODUCT_BUNDLE_IDENTIFIER = Marco.RegistroViewTests;
				PRODUCT_NAME = "$(TARGET_NAME)";
				SWIFT_EMIT_LOC_STRINGS = NO;
				SWIFT_VERSION = 5.0;
				TARGETED_DEVICE_FAMILY = "1,2";
				TEST_HOST = "$(BUILT_PRODUCTS_DIR)/RegistroView.app/RegistroView";
			};
			name = Release;
		};
		A983741E2BD15A0C00927060 /* Debug */ = {
			isa = XCBuildConfiguration;
			buildSettings = {
				ALWAYS_EMBED_SWIFT_STANDARD_LIBRARIES = YES;
				CODE_SIGN_STYLE = Automatic;
				CURRENT_PROJECT_VERSION = 1;
				DEVELOPMENT_TEAM = 8YMN7MCSQM;
				GENERATE_INFOPLIST_FILE = YES;
				MARKETING_VERSION = 1.0;
				PRODUCT_BUNDLE_IDENTIFIER = Marco.RegistroViewUITests;
				PRODUCT_NAME = "$(TARGET_NAME)";
				SWIFT_EMIT_LOC_STRINGS = NO;
				SWIFT_VERSION = 5.0;
				TARGETED_DEVICE_FAMILY = "1,2";
				TEST_TARGET_NAME = RegistroView;
			};
			name = Debug;
		};
		A983741F2BD15A0C00927060 /* Release */ = {
			isa = XCBuildConfiguration;
			buildSettings = {
				ALWAYS_EMBED_SWIFT_STANDARD_LIBRARIES = YES;
				CODE_SIGN_STYLE = Automatic;
				CURRENT_PROJECT_VERSION = 1;
				DEVELOPMENT_TEAM = 8YMN7MCSQM;
				GENERATE_INFOPLIST_FILE = YES;
				MARKETING_VERSION = 1.0;
				PRODUCT_BUNDLE_IDENTIFIER = Marco.RegistroViewUITests;
				PRODUCT_NAME = "$(TARGET_NAME)";
				SWIFT_EMIT_LOC_STRINGS = NO;
				SWIFT_VERSION = 5.0;
				TARGETED_DEVICE_FAMILY = "1,2";
				TEST_TARGET_NAME = RegistroView;
			};
			name = Release;
		};
/* End XCBuildConfiguration section */

/* Begin XCConfigurationList section */
		A98373EE2BD15A0700927060 /* Build configuration list for PBXProject "RegistroView" */ = {
			isa = XCConfigurationList;
			buildConfigurations = (
				A98374152BD15A0C00927060 /* Debug */,
				A98374162BD15A0C00927060 /* Release */,
			);
			defaultConfigurationIsVisible = 0;
			defaultConfigurationName = Release;
		};
		A98374172BD15A0C00927060 /* Build configuration list for PBXNativeTarget "RegistroView" */ = {
			isa = XCConfigurationList;
			buildConfigurations = (
				A98374182BD15A0C00927060 /* Debug */,
				A98374192BD15A0C00927060 /* Release */,
			);
			defaultConfigurationIsVisible = 0;
			defaultConfigurationName = Release;
		};
		A983741A2BD15A0C00927060 /* Build configuration list for PBXNativeTarget "RegistroViewTests" */ = {
			isa = XCConfigurationList;
			buildConfigurations = (
				A983741B2BD15A0C00927060 /* Debug */,
				A983741C2BD15A0C00927060 /* Release */,
			);
			defaultConfigurationIsVisible = 0;
			defaultConfigurationName = Release;
		};
		A983741D2BD15A0C00927060 /* Build configuration list for PBXNativeTarget "RegistroViewUITests" */ = {
			isa = XCConfigurationList;
			buildConfigurations = (
				A983741E2BD15A0C00927060 /* Debug */,
				A983741F2BD15A0C00927060 /* Release */,
			);
			defaultConfigurationIsVisible = 0;
			defaultConfigurationName = Release;
		};
/* End XCConfigurationList section */
	};
	rootObject = A98373EB2BD15A0700927060 /* Project object */;
}
